
Microsoft Visual Studio Solution File, Format Version 12.00
# Visual Studio Version 17
VisualStudioVersion = 17.4.33110.190
MinimumVisualStudioVersion = 10.0.40219.1
Project("{9A19103F-16F7-4668-BE54-9A1E7A4F7556}") = "Kampintro", "Kampintro\Kampintro.csproj", "{BAEB0D2F-33F3-476E-88F1-6E8BA79A8071}"
EndProject
Project("{9A19103F-16F7-4668-BE54-9A1E7A4F7556}") = "Donguler", "Donguler\Donguler.csproj", "{304C2B35-3E68-47F4-91D1-7B8F812A3BB4}"
EndProject
Project("{9A19103F-16F7-4668-BE54-9A1E7A4F7556}") = "ClassIntro", "ClassIntro\ClassIntro.csproj", "{70181A27-3F98-4891-9C70-8C46A4EC6130}"
EndProject
Project("{9A19103F-16F7-4668-BE54-9A1E7A4F7556}") = "Metotlar", "Metotlar\Metotlar.csproj", "{C660A82B-988F-429B-B86B-A0E9AEE5CEE4}"
EndProject
Project("{9A19103F-16F7-4668-BE54-9A1E7A4F7556}") = "Matematik", "Matematik\Matematik.csproj", "{C0FEA57B-CE95-4DD9-BD59-59F766DBF65E}"
EndProject
Project("{9A19103F-16F7-4668-BE54-9A1E7A4F7556}") = "DegerVeReferansTipler", "DegerVeReferansTipler\DegerVeReferansTipler.csproj", "{BC4C97F7-395E-45A3-A2C3-AF6FFF2401DD}"
EndProject
Project("{9A19103F-16F7-4668-BE54-9A1E7A4F7556}") = "ClassMetotDemo", "ClassMetotDemo\ClassMetotDemo.csproj", "{90D5033F-503F-4FE0-8BBC-6E16D222F439}"
EndProject
Project("{9A19103F-16F7-4668-BE54-9A1E7A4F7556}") = "OOP1", "OOP1\OOP1.csproj", "{36B945D8-3998-4900-9C34-7452F3CA513E}"
EndProject
Project("{9A19103F-16F7-4668-BE54-9A1E7A4F7556}") = "Koleksiyonlar", "Koleksiyonlar\Koleksiyonlar.csproj", "{55775C1E-2317-4F70-B252-76FEF4EE176C}"
EndProject
Project("{9A19103F-16F7-4668-BE54-9A1E7A4F7556}") = "GenericsIntro", "GenericsIntro\GenericsIntro.csproj", "{64CEABBD-4E56-4DB3-BC4C-EB8FB7E5C748}"
EndProject
Project("{9A19103F-16F7-4668-BE54-9A1E7A4F7556}") = "MyDictionary", "MyDictionary\MyDictionary.csproj", "{BC8EFAE4-5438-4BDC-B485-1412B68375D4}"
EndProject
Project("{9A19103F-16F7-4668-BE54-9A1E7A4F7556}") = "OOP2", "OOP2\OOP2.csproj", "{8A053B65-F4EC-467C-A364-46F2910ECA09}"
EndProject
Project("{FAE04EC0-301F-11D3-BF4B-00C04F79EFBC}") = "OOP3", "OOP3\OOP3.csproj", "{51535052-20A5-4317-AAE4-63DB36C55480}"
EndProject
Global
	GlobalSection(SolutionConfigurationPlatforms) = preSolution
		Debug|Any CPU = Debug|Any CPU
		Release|Any CPU = Release|Any CPU
	EndGlobalSection
	GlobalSection(ProjectConfigurationPlatforms) = postSolution
		{BAEB0D2F-33F3-476E-88F1-6E8BA79A8071}.Debug|Any CPU.ActiveCfg = Debug|Any CPU
		{BAEB0D2F-33F3-476E-88F1-6E8BA79A8071}.Debug|Any CPU.Build.0 = Debug|Any CPU
		{BAEB0D2F-33F3-476E-88F1-6E8BA79A8071}.Release|Any CPU.ActiveCfg = Release|Any CPU
		{BAEB0D2F-33F3-476E-88F1-6E8BA79A8071}.Release|Any CPU.Build.0 = Release|Any CPU
		{304C2B35-3E68-47F4-91D1-7B8F812A3BB4}.Debug|Any CPU.ActiveCfg = Debug|Any CPU
		{304C2B35-3E68-47F4-91D1-7B8F812A3BB4}.Debug|Any CPU.Build.0 = Debug|Any CPU
		{304C2B35-3E68-47F4-91D1-7B8F812A3BB4}.Release|Any CPU.ActiveCfg = Release|Any CPU
		{304C2B35-3E68-47F4-91D1-7B8F812A3BB4}.Release|Any CPU.Build.0 = Release|Any CPU
		{70181A27-3F98-4891-9C70-8C46A4EC6130}.Debug|Any CPU.ActiveCfg = Debug|Any CPU
		{70181A27-3F98-4891-9C70-8C46A4EC6130}.Debug|Any CPU.Build.0 = Debug|Any CPU
		{70181A27-3F98-4891-9C70-8C46A4EC6130}.Release|Any CPU.ActiveCfg = Release|Any CPU
		{70181A27-3F98-4891-9C70-8C46A4EC6130}.Release|Any CPU.Build.0 = Release|Any CPU
		{C660A82B-988F-429B-B86B-A0E9AEE5CEE4}.Debug|Any CPU.ActiveCfg = Debug|Any CPU
		{C660A82B-988F-429B-B86B-A0E9AEE5CEE4}.Debug|Any CPU.Build.0 = Debug|Any CPU
		{C660A82B-988F-429B-B86B-A0E9AEE5CEE4}.Release|Any CPU.ActiveCfg = Release|Any CPU
		{C660A82B-988F-429B-B86B-A0E9AEE5CEE4}.Release|Any CPU.Build.0 = Release|Any CPU
		{C0FEA57B-CE95-4DD9-BD59-59F766DBF65E}.Debug|Any CPU.ActiveCfg = Debug|Any CPU
		{C0FEA57B-CE95-4DD9-BD59-59F766DBF65E}.Debug|Any CPU.Build.0 = Debug|Any CPU
		{C0FEA57B-CE95-4DD9-BD59-59F766DBF65E}.Release|Any CPU.ActiveCfg = Release|Any CPU
		{C0FEA57B-CE95-4DD9-BD59-59F766DBF65E}.Release|Any CPU.Build.0 = Release|Any CPU
		{BC4C97F7-395E-45A3-A2C3-AF6FFF2401DD}.Debug|Any CPU.ActiveCfg = Debug|Any CPU
		{BC4C97F7-395E-45A3-A2C3-AF6FFF2401DD}.Debug|Any CPU.Build.0 = Debug|Any CPU
		{BC4C97F7-395E-45A3-A2C3-AF6FFF2401DD}.Release|Any CPU.ActiveCfg = Release|Any CPU
		{BC4C97F7-395E-45A3-A2C3-AF6FFF2401DD}.Release|Any CPU.Build.0 = Release|Any CPU
		{90D5033F-503F-4FE0-8BBC-6E16D222F439}.Debug|Any CPU.ActiveCfg = Debug|Any CPU
		{90D5033F-503F-4FE0-8BBC-6E16D222F439}.Debug|Any CPU.Build.0 = Debug|Any CPU
		{90D5033F-503F-4FE0-8BBC-6E16D222F439}.Release|Any CPU.ActiveCfg = Release|Any CPU
		{90D5033F-503F-4FE0-8BBC-6E16D222F439}.Release|Any CPU.Build.0 = Release|Any CPU
		{36B945D8-3998-4900-9C34-7452F3CA513E}.Debug|Any CPU.ActiveCfg = Debug|Any CPU
		{36B945D8-3998-4900-9C34-7452F3CA513E}.Debug|Any CPU.Build.0 = Debug|Any CPU
		{36B945D8-3998-4900-9C34-7452F3CA513E}.Release|Any CPU.ActiveCfg = Release|Any CPU
		{36B945D8-3998-4900-9C34-7452F3CA513E}.Release|Any CPU.Build.0 = Release|Any CPU
		{55775C1E-2317-4F70-B252-76FEF4EE176C}.Debug|Any CPU.ActiveCfg = Debug|Any CPU
		{55775C1E-2317-4F70-B252-76FEF4EE176C}.Debug|Any CPU.Build.0 = Debug|Any CPU
		{55775C1E-2317-4F70-B252-76FEF4EE176C}.Release|Any CPU.ActiveCfg = Release|Any CPU
		{55775C1E-2317-4F70-B252-76FEF4EE176C}.Release|Any CPU.Build.0 = Release|Any CPU
		{64CEABBD-4E56-4DB3-BC4C-EB8FB7E5C748}.Debug|Any CPU.ActiveCfg = Debug|Any CPU
		{64CEABBD-4E56-4DB3-BC4C-EB8FB7E5C748}.Debug|Any CPU.Build.0 = Debug|Any CPU
		{64CEABBD-4E56-4DB3-BC4C-EB8FB7E5C748}.Release|Any CPU.ActiveCfg = Release|Any CPU
		{64CEABBD-4E56-4DB3-BC4C-EB8FB7E5C748}.Release|Any CPU.Build.0 = Release|Any CPU
		{BC8EFAE4-5438-4BDC-B485-1412B68375D4}.Debug|Any CPU.ActiveCfg = Debug|Any CPU
		{BC8EFAE4-5438-4BDC-B485-1412B68375D4}.Debug|Any CPU.Build.0 = Debug|Any CPU
		{BC8EFAE4-5438-4BDC-B485-1412B68375D4}.Release|Any CPU.ActiveCfg = Release|Any CPU
		{BC8EFAE4-5438-4BDC-B485-1412B68375D4}.Release|Any CPU.Build.0 = Release|Any CPU
		{8A053B65-F4EC-467C-A364-46F2910ECA09}.Debug|Any CPU.ActiveCfg = Debug|Any CPU
		{8A053B65-F4EC-467C-A364-46F2910ECA09}.Debug|Any CPU.Build.0 = Debug|Any CPU
		{8A053B65-F4EC-467C-A364-46F2910ECA09}.Release|Any CPU.ActiveCfg = Release|Any CPU
		{8A053B65-F4EC-467C-A364-46F2910ECA09}.Release|Any CPU.Build.0 = Release|Any CPU
		{51535052-20A5-4317-AAE4-63DB36C55480}.Debug|Any CPU.ActiveCfg = Debug|Any CPU
		{51535052-20A5-4317-AAE4-63DB36C55480}.Debug|Any CPU.Build.0 = Debug|Any CPU
		{51535052-20A5-4317-AAE4-63DB36C55480}.Release|Any CPU.ActiveCfg = Release|Any CPU
		{51535052-20A5-4317-AAE4-63DB36C55480}.Release|Any CPU.Build.0 = Release|Any CPU
	EndGlobalSection
	GlobalSection(SolutionProperties) = preSolution
		HideSolutionNode = FALSE
	EndGlobalSection
	GlobalSection(ExtensibilityGlobals) = postSolution
		SolutionGuid = {46BEA99A-ED31-4919-B8D0-29AADD3481BD}
	EndGlobalSection
EndGlobal
